
Microsoft Visual Studio Solution File, Format Version 12.00
# Visual Studio Version 16
VisualStudioVersion = 16.0.31205.134
MinimumVisualStudioVersion = 10.0.40219.1
Project("{9A19103F-16F7-4668-BE54-9A1E7A4F7556}") = "KitchenAid.Model", "KitchenAid.Model\KitchenAid.Model.csproj", "{452FFACA-8508-49FD-A6FF-31839E05C295}"
EndProject
Project("{9A19103F-16F7-4668-BE54-9A1E7A4F7556}") = "KitchenAid.DataAccess", "KitchenAid.DataAccess\KitchenAid.DataAccess.csproj", "{3CF14929-9679-4329-A6CC-E614A7789773}"
EndProject
Project("{9A19103F-16F7-4668-BE54-9A1E7A4F7556}") = "KitchenAid.InventoryApi", "KitchenAid.InventoryApi\KitchenAid.InventoryApi.csproj", "{3880E062-618B-42E0-8BEC-A7BA1CCB8226}"
EndProject
Project("{FAE04EC0-301F-11D3-BF4B-00C04F79EFBC}") = "KitchenAid.App", "KitchenAid.App\KitchenAid.App.csproj", "{98D46D7F-D84C-4AB9-AC1B-DA22A611DC48}"
EndProject
Project("{9A19103F-16F7-4668-BE54-9A1E7A4F7556}") = "KitchenAid.App.Core", "KitchenAid.App.Core\KitchenAid.App.Core.csproj", "{AA4EDB43-6FA9-4E9A-A688-F1D21316ABF8}"
EndProject
Project("{FAE04EC0-301F-11D3-BF4B-00C04F79EFBC}") = "KitchenAid.RecipeApi", "KitchenAid.RecipeApi\KitchenAid.RecipeApi.csproj", "{A8CBA86E-A607-411F-8646-6D8BCBC2AAED}"
EndProject
Global
	GlobalSection(SolutionConfigurationPlatforms) = preSolution
		Debug|Any CPU = Debug|Any CPU
		Debug|ARM = Debug|ARM
		Debug|ARM64 = Debug|ARM64
		Debug|x64 = Debug|x64
		Debug|x86 = Debug|x86
		Release|Any CPU = Release|Any CPU
		Release|ARM = Release|ARM
		Release|ARM64 = Release|ARM64
		Release|x64 = Release|x64
		Release|x86 = Release|x86
	EndGlobalSection
	GlobalSection(ProjectConfigurationPlatforms) = postSolution
		{452FFACA-8508-49FD-A6FF-31839E05C295}.Debug|Any CPU.ActiveCfg = Debug|Any CPU
		{452FFACA-8508-49FD-A6FF-31839E05C295}.Debug|Any CPU.Build.0 = Debug|Any CPU
		{452FFACA-8508-49FD-A6FF-31839E05C295}.Debug|ARM.ActiveCfg = Debug|Any CPU
		{452FFACA-8508-49FD-A6FF-31839E05C295}.Debug|ARM.Build.0 = Debug|Any CPU
		{452FFACA-8508-49FD-A6FF-31839E05C295}.Debug|ARM64.ActiveCfg = Debug|Any CPU
		{452FFACA-8508-49FD-A6FF-31839E05C295}.Debug|ARM64.Build.0 = Debug|Any CPU
		{452FFACA-8508-49FD-A6FF-31839E05C295}.Debug|x64.ActiveCfg = Debug|Any CPU
		{452FFACA-8508-49FD-A6FF-31839E05C295}.Debug|x64.Build.0 = Debug|Any CPU
		{452FFACA-8508-49FD-A6FF-31839E05C295}.Debug|x86.ActiveCfg = Debug|Any CPU
		{452FFACA-8508-49FD-A6FF-31839E05C295}.Debug|x86.Build.0 = Debug|Any CPU
		{452FFACA-8508-49FD-A6FF-31839E05C295}.Release|Any CPU.ActiveCfg = Release|Any CPU
		{452FFACA-8508-49FD-A6FF-31839E05C295}.Release|Any CPU.Build.0 = Release|Any CPU
		{452FFACA-8508-49FD-A6FF-31839E05C295}.Release|ARM.ActiveCfg = Release|Any CPU
		{452FFACA-8508-49FD-A6FF-31839E05C295}.Release|ARM.Build.0 = Release|Any CPU
		{452FFACA-8508-49FD-A6FF-31839E05C295}.Release|ARM64.ActiveCfg = Release|Any CPU
		{452FFACA-8508-49FD-A6FF-31839E05C295}.Release|ARM64.Build.0 = Release|Any CPU
		{452FFACA-8508-49FD-A6FF-31839E05C295}.Release|x64.ActiveCfg = Release|Any CPU
		{452FFACA-8508-49FD-A6FF-31839E05C295}.Release|x64.Build.0 = Release|Any CPU
		{452FFACA-8508-49FD-A6FF-31839E05C295}.Release|x86.ActiveCfg = Release|Any CPU
		{452FFACA-8508-49FD-A6FF-31839E05C295}.Release|x86.Build.0 = Release|Any CPU
		{3CF14929-9679-4329-A6CC-E614A7789773}.Debug|Any CPU.ActiveCfg = Debug|Any CPU
		{3CF14929-9679-4329-A6CC-E614A7789773}.Debug|Any CPU.Build.0 = Debug|Any CPU
		{3CF14929-9679-4329-A6CC-E614A7789773}.Debug|ARM.ActiveCfg = Debug|Any CPU
		{3CF14929-9679-4329-A6CC-E614A7789773}.Debug|ARM.Build.0 = Debug|Any CPU
		{3CF14929-9679-4329-A6CC-E614A7789773}.Debug|ARM64.ActiveCfg = Debug|Any CPU
		{3CF14929-9679-4329-A6CC-E614A7789773}.Debug|ARM64.Build.0 = Debug|Any CPU
		{3CF14929-9679-4329-A6CC-E614A7789773}.Debug|x64.ActiveCfg = Debug|Any CPU
		{3CF14929-9679-4329-A6CC-E614A7789773}.Debug|x64.Build.0 = Debug|Any CPU
		{3CF14929-9679-4329-A6CC-E614A7789773}.Debug|x86.ActiveCfg = Debug|Any CPU
		{3CF14929-9679-4329-A6CC-E614A7789773}.Debug|x86.Build.0 = Debug|Any CPU
		{3CF14929-9679-4329-A6CC-E614A7789773}.Release|Any CPU.ActiveCfg = Release|Any CPU
		{3CF14929-9679-4329-A6CC-E614A7789773}.Release|Any CPU.Build.0 = Release|Any CPU
		{3CF14929-9679-4329-A6CC-E614A7789773}.Release|ARM.ActiveCfg = Release|Any CPU
		{3CF14929-9679-4329-A6CC-E614A7789773}.Release|ARM.Build.0 = Release|Any CPU
		{3CF14929-9679-4329-A6CC-E614A7789773}.Release|ARM64.ActiveCfg = Release|Any CPU
		{3CF14929-9679-4329-A6CC-E614A7789773}.Release|ARM64.Build.0 = Release|Any CPU
		{3CF14929-9679-4329-A6CC-E614A7789773}.Release|x64.ActiveCfg = Release|Any CPU
		{3CF14929-9679-4329-A6CC-E614A7789773}.Release|x64.Build.0 = Release|Any CPU
		{3CF14929-9679-4329-A6CC-E614A7789773}.Release|x86.ActiveCfg = Release|Any CPU
		{3CF14929-9679-4329-A6CC-E614A7789773}.Release|x86.Build.0 = Release|Any CPU
		{3880E062-618B-42E0-8BEC-A7BA1CCB8226}.Debug|Any CPU.ActiveCfg = Debug|Any CPU
		{3880E062-618B-42E0-8BEC-A7BA1CCB8226}.Debug|Any CPU.Build.0 = Debug|Any CPU
		{3880E062-618B-42E0-8BEC-A7BA1CCB8226}.Debug|ARM.ActiveCfg = Debug|Any CPU
		{3880E062-618B-42E0-8BEC-A7BA1CCB8226}.Debug|ARM.Build.0 = Debug|Any CPU
		{3880E062-618B-42E0-8BEC-A7BA1CCB8226}.Debug|ARM64.ActiveCfg = Debug|Any CPU
		{3880E062-618B-42E0-8BEC-A7BA1CCB8226}.Debug|ARM64.Build.0 = Debug|Any CPU
		{3880E062-618B-42E0-8BEC-A7BA1CCB8226}.Debug|x64.ActiveCfg = Debug|Any CPU
		{3880E062-618B-42E0-8BEC-A7BA1CCB8226}.Debug|x64.Build.0 = Debug|Any CPU
		{3880E062-618B-42E0-8BEC-A7BA1CCB8226}.Debug|x86.ActiveCfg = Debug|Any CPU
		{3880E062-618B-42E0-8BEC-A7BA1CCB8226}.Debug|x86.Build.0 = Debug|Any CPU
		{3880E062-618B-42E0-8BEC-A7BA1CCB8226}.Release|Any CPU.ActiveCfg = Release|Any CPU
		{3880E062-618B-42E0-8BEC-A7BA1CCB8226}.Release|Any CPU.Build.0 = Release|Any CPU
		{3880E062-618B-42E0-8BEC-A7BA1CCB8226}.Release|ARM.ActiveCfg = Release|Any CPU
		{3880E062-618B-42E0-8BEC-A7BA1CCB8226}.Release|ARM.Build.0 = Release|Any CPU
		{3880E062-618B-42E0-8BEC-A7BA1CCB8226}.Release|ARM64.ActiveCfg = Release|Any CPU
		{3880E062-618B-42E0-8BEC-A7BA1CCB8226}.Release|ARM64.Build.0 = Release|Any CPU
		{3880E062-618B-42E0-8BEC-A7BA1CCB8226}.Release|x64.ActiveCfg = Release|Any CPU
		{3880E062-618B-42E0-8BEC-A7BA1CCB8226}.Release|x64.Build.0 = Release|Any CPU
		{3880E062-618B-42E0-8BEC-A7BA1CCB8226}.Release|x86.ActiveCfg = Release|Any CPU
		{3880E062-618B-42E0-8BEC-A7BA1CCB8226}.Release|x86.Build.0 = Release|Any CPU
		{98D46D7F-D84C-4AB9-AC1B-DA22A611DC48}.Debug|Any CPU.ActiveCfg = Debug|x86
		{98D46D7F-D84C-4AB9-AC1B-DA22A611DC48}.Debug|ARM.ActiveCfg = Debug|ARM
		{98D46D7F-D84C-4AB9-AC1B-DA22A611DC48}.Debug|ARM.Build.0 = Debug|ARM
		{98D46D7F-D84C-4AB9-AC1B-DA22A611DC48}.Debug|ARM.Deploy.0 = Debug|ARM
		{98D46D7F-D84C-4AB9-AC1B-DA22A611DC48}.Debug|ARM64.ActiveCfg = Debug|ARM64
		{98D46D7F-D84C-4AB9-AC1B-DA22A611DC48}.Debug|ARM64.Build.0 = Debug|ARM64
		{98D46D7F-D84C-4AB9-AC1B-DA22A611DC48}.Debug|ARM64.Deploy.0 = Debug|ARM64
		{98D46D7F-D84C-4AB9-AC1B-DA22A611DC48}.Debug|x64.ActiveCfg = Debug|x64
		{98D46D7F-D84C-4AB9-AC1B-DA22A611DC48}.Debug|x64.Build.0 = Debug|x64
		{98D46D7F-D84C-4AB9-AC1B-DA22A611DC48}.Debug|x64.Deploy.0 = Debug|x64
		{98D46D7F-D84C-4AB9-AC1B-DA22A611DC48}.Debug|x86.ActiveCfg = Debug|x86
		{98D46D7F-D84C-4AB9-AC1B-DA22A611DC48}.Debug|x86.Build.0 = Debug|x86
		{98D46D7F-D84C-4AB9-AC1B-DA22A611DC48}.Debug|x86.Deploy.0 = Debug|x86
		{98D46D7F-D84C-4AB9-AC1B-DA22A611DC48}.Release|Any CPU.ActiveCfg = Release|x86
		{98D46D7F-D84C-4AB9-AC1B-DA22A611DC48}.Release|ARM.ActiveCfg = Release|ARM
		{98D46D7F-D84C-4AB9-AC1B-DA22A611DC48}.Release|ARM.Build.0 = Release|ARM
		{98D46D7F-D84C-4AB9-AC1B-DA22A611DC48}.Release|ARM.Deploy.0 = Release|ARM
		{98D46D7F-D84C-4AB9-AC1B-DA22A611DC48}.Release|ARM64.ActiveCfg = Release|ARM64
		{98D46D7F-D84C-4AB9-AC1B-DA22A611DC48}.Release|ARM64.Build.0 = Release|ARM64
		{98D46D7F-D84C-4AB9-AC1B-DA22A611DC48}.Release|ARM64.Deploy.0 = Release|ARM64
		{98D46D7F-D84C-4AB9-AC1B-DA22A611DC48}.Release|x64.ActiveCfg = Release|x64
		{98D46D7F-D84C-4AB9-AC1B-DA22A611DC48}.Release|x64.Build.0 = Release|x64
		{98D46D7F-D84C-4AB9-AC1B-DA22A611DC48}.Release|x64.Deploy.0 = Release|x64
		{98D46D7F-D84C-4AB9-AC1B-DA22A611DC48}.Release|x86.ActiveCfg = Release|x86
		{98D46D7F-D84C-4AB9-AC1B-DA22A611DC48}.Release|x86.Build.0 = Release|x86
		{98D46D7F-D84C-4AB9-AC1B-DA22A611DC48}.Release|x86.Deploy.0 = Release|x86
		{AA4EDB43-6FA9-4E9A-A688-F1D21316ABF8}.Debug|Any CPU.ActiveCfg = Debug|Any CPU
		{AA4EDB43-6FA9-4E9A-A688-F1D21316ABF8}.Debug|Any CPU.Build.0 = Debug|Any CPU
		{AA4EDB43-6FA9-4E9A-A688-F1D21316ABF8}.Debug|ARM.ActiveCfg = Debug|Any CPU
		{AA4EDB43-6FA9-4E9A-A688-F1D21316ABF8}.Debug|ARM.Build.0 = Debug|Any CPU
		{AA4EDB43-6FA9-4E9A-A688-F1D21316ABF8}.Debug|ARM64.ActiveCfg = Debug|Any CPU
		{AA4EDB43-6FA9-4E9A-A688-F1D21316ABF8}.Debug|ARM64.Build.0 = Debug|Any CPU
		{AA4EDB43-6FA9-4E9A-A688-F1D21316ABF8}.Debug|x64.ActiveCfg = Debug|Any CPU
		{AA4EDB43-6FA9-4E9A-A688-F1D21316ABF8}.Debug|x64.Build.0 = Debug|Any CPU
		{AA4EDB43-6FA9-4E9A-A688-F1D21316ABF8}.Debug|x86.ActiveCfg = Debug|Any CPU
		{AA4EDB43-6FA9-4E9A-A688-F1D21316ABF8}.Debug|x86.Build.0 = Debug|Any CPU
		{AA4EDB43-6FA9-4E9A-A688-F1D21316ABF8}.Release|Any CPU.ActiveCfg = Release|Any CPU
		{AA4EDB43-6FA9-4E9A-A688-F1D21316ABF8}.Release|Any CPU.Build.0 = Release|Any CPU
		{AA4EDB43-6FA9-4E9A-A688-F1D21316ABF8}.Release|ARM.ActiveCfg = Release|Any CPU
		{AA4EDB43-6FA9-4E9A-A688-F1D21316ABF8}.Release|ARM.Build.0 = Release|Any CPU
		{AA4EDB43-6FA9-4E9A-A688-F1D21316ABF8}.Release|ARM64.ActiveCfg = Release|Any CPU
		{AA4EDB43-6FA9-4E9A-A688-F1D21316ABF8}.Release|ARM64.Build.0 = Release|Any CPU
		{AA4EDB43-6FA9-4E9A-A688-F1D21316ABF8}.Release|x64.ActiveCfg = Release|Any CPU
		{AA4EDB43-6FA9-4E9A-A688-F1D21316ABF8}.Release|x64.Build.0 = Release|Any CPU
		{AA4EDB43-6FA9-4E9A-A688-F1D21316ABF8}.Release|x86.ActiveCfg = Release|Any CPU
		{AA4EDB43-6FA9-4E9A-A688-F1D21316ABF8}.Release|x86.Build.0 = Release|Any CPU
		{A8CBA86E-A607-411F-8646-6D8BCBC2AAED}.Debug|Any CPU.ActiveCfg = Debug|Any CPU
		{A8CBA86E-A607-411F-8646-6D8BCBC2AAED}.Debug|Any CPU.Build.0 = Debug|Any CPU
		{A8CBA86E-A607-411F-8646-6D8BCBC2AAED}.Debug|ARM.ActiveCfg = Debug|Any CPU
		{A8CBA86E-A607-411F-8646-6D8BCBC2AAED}.Debug|ARM.Build.0 = Debug|Any CPU
		{A8CBA86E-A607-411F-8646-6D8BCBC2AAED}.Debug|ARM64.ActiveCfg = Debug|Any CPU
		{A8CBA86E-A607-411F-8646-6D8BCBC2AAED}.Debug|ARM64.Build.0 = Debug|Any CPU
		{A8CBA86E-A607-411F-8646-6D8BCBC2AAED}.Debug|x64.ActiveCfg = Debug|Any CPU
		{A8CBA86E-A607-411F-8646-6D8BCBC2AAED}.Debug|x64.Build.0 = Debug|Any CPU
		{A8CBA86E-A607-411F-8646-6D8BCBC2AAED}.Debug|x86.ActiveCfg = Debug|Any CPU
		{A8CBA86E-A607-411F-8646-6D8BCBC2AAED}.Debug|x86.Build.0 = Debug|Any CPU
		{A8CBA86E-A607-411F-8646-6D8BCBC2AAED}.Release|Any CPU.ActiveCfg = Release|Any CPU
		{A8CBA86E-A607-411F-8646-6D8BCBC2AAED}.Release|Any CPU.Build.0 = Release|Any CPU
		{A8CBA86E-A607-411F-8646-6D8BCBC2AAED}.Release|ARM.ActiveCfg = Release|Any CPU
		{A8CBA86E-A607-411F-8646-6D8BCBC2AAED}.Release|ARM.Build.0 = Release|Any CPU
		{A8CBA86E-A607-411F-8646-6D8BCBC2AAED}.Release|ARM64.ActiveCfg = Release|Any CPU
		{A8CBA86E-A607-411F-8646-6D8BCBC2AAED}.Release|ARM64.Build.0 = Release|Any CPU
		{A8CBA86E-A607-411F-8646-6D8BCBC2AAED}.Release|x64.ActiveCfg = Release|Any CPU
		{A8CBA86E-A607-411F-8646-6D8BCBC2AAED}.Release|x64.Build.0 = Release|Any CPU
		{A8CBA86E-A607-411F-8646-6D8BCBC2AAED}.Release|x86.ActiveCfg = Release|Any CPU
		{A8CBA86E-A607-411F-8646-6D8BCBC2AAED}.Release|x86.Build.0 = Release|Any CPU
	EndGlobalSection
	GlobalSection(SolutionProperties) = preSolution
		HideSolutionNode = FALSE
	EndGlobalSection
	GlobalSection(ExtensibilityGlobals) = postSolution
		SolutionGuid = {D8020192-7C74-403F-8B66-64C5413CC7F8}
	EndGlobalSection
EndGlobal
